
Microsoft Visual Studio Solution File, Format Version 12.00
# Visual Studio Version 17
VisualStudioVersion = 17.2.32602.215
MinimumVisualStudioVersion = 10.0.40219.1
Project("{FAE04EC0-301F-11D3-BF4B-00C04F79EFBC}") = "lab4", "lab4\lab4.csproj", "{58DB2A53-E7EE-4006-98C0-B7563DE1F557}"
EndProject
Global
	GlobalSection(SolutionConfigurationPlatforms) = preSolution
		Debug|Any CPU = Debug|Any CPU
		Release|Any CPU = Release|Any CPU
	EndGlobalSection
	GlobalSection(ProjectConfigurationPlatforms) = postSolution
		{58DB2A53-E7EE-4006-98C0-B7563DE1F557}.Debug|Any CPU.ActiveCfg = Debug|Any CPU
		{58DB2A53-E7EE-4006-98C0-B7563DE1F557}.Debug|Any CPU.Build.0 = Debug|Any CPU
		{58DB2A53-E7EE-4006-98C0-B7563DE1F557}.Release|Any CPU.ActiveCfg = Release|Any CPU
		{58DB2A53-E7EE-4006-98C0-B7563DE1F557}.Release|Any CPU.Build.0 = Release|Any CPU
	EndGlobalSection
	GlobalSection(SolutionProperties) = preSolution
		HideSolutionNode = FALSE
	EndGlobalSection
	GlobalSection(ExtensibilityGlobals) = postSolution
		SolutionGuid = {02568D3A-C06D-4E9A-9D3D-867C8153FD6C}
	EndGlobalSection
EndGlobal
