
Microsoft Visual Studio Solution File, Format Version 12.00
# Visual Studio Version 17
VisualStudioVersion = 17.2.32602.215
MinimumVisualStudioVersion = 10.0.40219.1
Project("{FAE04EC0-301F-11D3-BF4B-00C04F79EFBC}") = "lab5", "lab5\lab5.csproj", "{EEBFE054-4691-41F0-BC70-051DF5952272}"
EndProject
Global
	GlobalSection(SolutionConfigurationPlatforms) = preSolution
		Debug|Any CPU = Debug|Any CPU
		Release|Any CPU = Release|Any CPU
	EndGlobalSection
	GlobalSection(ProjectConfigurationPlatforms) = postSolution
		{EEBFE054-4691-41F0-BC70-051DF5952272}.Debug|Any CPU.ActiveCfg = Debug|Any CPU
		{EEBFE054-4691-41F0-BC70-051DF5952272}.Debug|Any CPU.Build.0 = Debug|Any CPU
		{EEBFE054-4691-41F0-BC70-051DF5952272}.Release|Any CPU.ActiveCfg = Release|Any CPU
		{EEBFE054-4691-41F0-BC70-051DF5952272}.Release|Any CPU.Build.0 = Release|Any CPU
	EndGlobalSection
	GlobalSection(SolutionProperties) = preSolution
		HideSolutionNode = FALSE
	EndGlobalSection
	GlobalSection(ExtensibilityGlobals) = postSolution
		SolutionGuid = {32025690-62AE-4109-B982-7BBCD3ECA700}
	EndGlobalSection
EndGlobal
